
Microsoft Visual Studio Solution File, Format Version 12.00
# Visual Studio Version 17
VisualStudioVersion = 17.1.32414.318
MinimumVisualStudioVersion = 10.0.40219.1
Project("{FAE04EC0-301F-11D3-BF4B-00C04F79EFBC}") = "Laboratorio No.13", "Laboratorio No.13.csproj", "{0CA44CEE-347D-4D0B-820D-FA54CE1FA0EB}"
EndProject
Global
	GlobalSection(SolutionConfigurationPlatforms) = preSolution
		Debug|Any CPU = Debug|Any CPU
		Release|Any CPU = Release|Any CPU
	EndGlobalSection
	GlobalSection(ProjectConfigurationPlatforms) = postSolution
		{0CA44CEE-347D-4D0B-820D-FA54CE1FA0EB}.Debug|Any CPU.ActiveCfg = Debug|Any CPU
		{0CA44CEE-347D-4D0B-820D-FA54CE1FA0EB}.Debug|Any CPU.Build.0 = Debug|Any CPU
		{0CA44CEE-347D-4D0B-820D-FA54CE1FA0EB}.Release|Any CPU.ActiveCfg = Release|Any CPU
		{0CA44CEE-347D-4D0B-820D-FA54CE1FA0EB}.Release|Any CPU.Build.0 = Release|Any CPU
	EndGlobalSection
	GlobalSection(SolutionProperties) = preSolution
		HideSolutionNode = FALSE
	EndGlobalSection
	GlobalSection(ExtensibilityGlobals) = postSolution
		SolutionGuid = {345C350F-A3BC-4EF3-82EB-E98520B3A2C9}
	EndGlobalSection
EndGlobal
